// !$*UTF8*$!
{
	archiveVersion = 1;
	classes = {
	};
	objectVersion = 55;
	objects = {

/* Begin PBXBuildFile section */
		E150459227A0E487008EC69B /* Course.swift in Sources */ = {isa = PBXBuildFile; fileRef = E150459127A0E487008EC69B /* Course.swift */; };
		E1546FC7279F453C00A00FC4 /* AppDelegate.swift in Sources */ = {isa = PBXBuildFile; fileRef = E1546FC6279F453C00A00FC4 /* AppDelegate.swift */; };
		E1546FC9279F453C00A00FC4 /* SceneDelegate.swift in Sources */ = {isa = PBXBuildFile; fileRef = E1546FC8279F453C00A00FC4 /* SceneDelegate.swift */; };
		E1546FCB279F453C00A00FC4 /* CoursesViewController.swift in Sources */ = {isa = PBXBuildFile; fileRef = E1546FCA279F453C00A00FC4 /* CoursesViewController.swift */; };
		E1546FCE279F453C00A00FC4 /* Main.storyboard in Resources */ = {isa = PBXBuildFile; fileRef = E1546FCC279F453C00A00FC4 /* Main.storyboard */; };
		E1546FD1279F453C00A00FC4 /* FooDisc.xcdatamodeld in Sources */ = {isa = PBXBuildFile; fileRef = E1546FCF279F453C00A00FC4 /* FooDisc.xcdatamodeld */; };
		E1546FD3279F454000A00FC4 /* Assets.xcassets in Resources */ = {isa = PBXBuildFile; fileRef = E1546FD2279F454000A00FC4 /* Assets.xcassets */; };
		E1546FD6279F454000A00FC4 /* LaunchScreen.storyboard in Resources */ = {isa = PBXBuildFile; fileRef = E1546FD4279F454000A00FC4 /* LaunchScreen.storyboard */; };
		E15923EA27A8A922003AEFFA /* CourseView.swift in Sources */ = {isa = PBXBuildFile; fileRef = E15923E927A8A922003AEFFA /* CourseView.swift */; };
		E15923EE27A9915D003AEFFA /* CourseCalloutView.xib in Resources */ = {isa = PBXBuildFile; fileRef = E15923ED27A9915D003AEFFA /* CourseCalloutView.xib */; };
		E15923F027A9938A003AEFFA /* CourseCalloutView.swift in Sources */ = {isa = PBXBuildFile; fileRef = E15923EF27A9938A003AEFFA /* CourseCalloutView.swift */; };
		E15923F327AAACC1003AEFFA /* CoursesListTableViewCell.swift in Sources */ = {isa = PBXBuildFile; fileRef = E15923F127AAACC1003AEFFA /* CoursesListTableViewCell.swift */; };
		E15923F427AAACC1003AEFFA /* CoursesListTableViewCell.xib in Resources */ = {isa = PBXBuildFile; fileRef = E15923F227AAACC1003AEFFA /* CoursesListTableViewCell.xib */; };
		E17B337027A2F1E4000EA493 /* AddCourseTableViewController.swift in Sources */ = {isa = PBXBuildFile; fileRef = E17B336F27A2F1E4000EA493 /* AddCourseTableViewController.swift */; };
		E1B69D1627AD52D200E8D7E6 /* UtilityFunctions.swift in Sources */ = {isa = PBXBuildFile; fileRef = E1B69D1527AD52D200E8D7E6 /* UtilityFunctions.swift */; };
		E1C3115A27AC250100C24EF9 /* CourseDetailTableViewController.swift in Sources */ = {isa = PBXBuildFile; fileRef = E1C3115927AC250100C24EF9 /* CourseDetailTableViewController.swift */; };
		E1C3115C27AC361600C24EF9 /* Layout.swift in Sources */ = {isa = PBXBuildFile; fileRef = E1C3115B27AC361600C24EF9 /* Layout.swift */; };
		E1C3115F27AC419C00C24EF9 /* LayoutTableViewCell.swift in Sources */ = {isa = PBXBuildFile; fileRef = E1C3115D27AC419C00C24EF9 /* LayoutTableViewCell.swift */; };
		E1C3116027AC419C00C24EF9 /* LayoutTableViewCell.xib in Resources */ = {isa = PBXBuildFile; fileRef = E1C3115E27AC419C00C24EF9 /* LayoutTableViewCell.xib */; };
		E1DE24AB27AEF9FF00E2AB0A /* ScorecardViewController.swift in Sources */ = {isa = PBXBuildFile; fileRef = E1DE24AA27AEF9FF00E2AB0A /* ScorecardViewController.swift */; };
		E1DE24AD27AF241600E2AB0A /* Scorecard.swift in Sources */ = {isa = PBXBuildFile; fileRef = E1DE24AC27AF241600E2AB0A /* Scorecard.swift */; };
		E1DE24B227AFFF3700E2AB0A /* ScorecardsTableViewController.swift in Sources */ = {isa = PBXBuildFile; fileRef = E1DE24B027AFFF3700E2AB0A /* ScorecardsTableViewController.swift */; };
		E1DE24BF27B0679600E2AB0A /* ScorecardsTableViewCell.swift in Sources */ = {isa = PBXBuildFile; fileRef = E1DE24BD27B0679600E2AB0A /* ScorecardsTableViewCell.swift */; };
		E1DE24C027B0679600E2AB0A /* ScorecardsTableViewCell.xib in Resources */ = {isa = PBXBuildFile; fileRef = E1DE24BE27B0679600E2AB0A /* ScorecardsTableViewCell.xib */; };
		E1E8CC7C27A1B60C001E8212 /* CoursesMapViewController.swift in Sources */ = {isa = PBXBuildFile; fileRef = E1E8CC7B27A1B60C001E8212 /* CoursesMapViewController.swift */; };
		E1E8CC7F27A1B75D001E8212 /* CoursesListTableViewController.swift in Sources */ = {isa = PBXBuildFile; fileRef = E1E8CC7D27A1B75D001E8212 /* CoursesListTableViewController.swift */; };
		E1F0532327DD7B4D003E0043 /* Disc.swift in Sources */ = {isa = PBXBuildFile; fileRef = E1F0532227DD7B4D003E0043 /* Disc.swift */; };
		E1F0532627DD7B60003E0043 /* DiscDetailTableViewController.swift in Sources */ = {isa = PBXBuildFile; fileRef = E1F0532427DD7B60003E0043 /* DiscDetailTableViewController.swift */; };
		E1F0532727DD7B60003E0043 /* DiscTableViewController.swift in Sources */ = {isa = PBXBuildFile; fileRef = E1F0532527DD7B60003E0043 /* DiscTableViewController.swift */; };
		E1F0532927DD7B70003E0043 /* DiscTableViewCell.swift in Sources */ = {isa = PBXBuildFile; fileRef = E1F0532827DD7B70003E0043 /* DiscTableViewCell.swift */; };
		E1FF8EF627A42D9000C0E810 /* DisabledCursorTextField.swift in Sources */ = {isa = PBXBuildFile; fileRef = E1FF8EF527A42D9000C0E810 /* DisabledCursorTextField.swift */; };
/* End PBXBuildFile section */

/* Begin PBXFileReference section */
		E150459127A0E487008EC69B /* Course.swift */ = {isa = PBXFileReference; lastKnownFileType = sourcecode.swift; path = Course.swift; sourceTree = "<group>"; };
		E1546FC3279F453C00A00FC4 /* FooDisc.app */ = {isa = PBXFileReference; explicitFileType = wrapper.application; includeInIndex = 0; path = FooDisc.app; sourceTree = BUILT_PRODUCTS_DIR; };
		E1546FC6279F453C00A00FC4 /* AppDelegate.swift */ = {isa = PBXFileReference; lastKnownFileType = sourcecode.swift; path = AppDelegate.swift; sourceTree = "<group>"; };
		E1546FC8279F453C00A00FC4 /* SceneDelegate.swift */ = {isa = PBXFileReference; lastKnownFileType = sourcecode.swift; path = SceneDelegate.swift; sourceTree = "<group>"; };
		E1546FCA279F453C00A00FC4 /* CoursesViewController.swift */ = {isa = PBXFileReference; lastKnownFileType = sourcecode.swift; path = CoursesViewController.swift; sourceTree = "<group>"; };
		E1546FCD279F453C00A00FC4 /* Base */ = {isa = PBXFileReference; lastKnownFileType = file.storyboard; name = Base; path = Base.lproj/Main.storyboard; sourceTree = "<group>"; };
		E1546FD0279F453C00A00FC4 /* FooDisc.xcdatamodel */ = {isa = PBXFileReference; lastKnownFileType = wrapper.xcdatamodel; path = FooDisc.xcdatamodel; sourceTree = "<group>"; };
		E1546FD2279F454000A00FC4 /* Assets.xcassets */ = {isa = PBXFileReference; lastKnownFileType = folder.assetcatalog; path = Assets.xcassets; sourceTree = "<group>"; };
		E1546FD5279F454000A00FC4 /* Base */ = {isa = PBXFileReference; lastKnownFileType = file.storyboard; name = Base; path = Base.lproj/LaunchScreen.storyboard; sourceTree = "<group>"; };
		E1546FD7279F454000A00FC4 /* Info.plist */ = {isa = PBXFileReference; lastKnownFileType = text.plist.xml; path = Info.plist; sourceTree = "<group>"; };
		E15923E927A8A922003AEFFA /* CourseView.swift */ = {isa = PBXFileReference; lastKnownFileType = sourcecode.swift; path = CourseView.swift; sourceTree = "<group>"; };
		E15923ED27A9915D003AEFFA /* CourseCalloutView.xib */ = {isa = PBXFileReference; lastKnownFileType = file.xib; path = CourseCalloutView.xib; sourceTree = "<group>"; };
		E15923EF27A9938A003AEFFA /* CourseCalloutView.swift */ = {isa = PBXFileReference; lastKnownFileType = sourcecode.swift; path = CourseCalloutView.swift; sourceTree = "<group>"; };
		E15923F127AAACC1003AEFFA /* CoursesListTableViewCell.swift */ = {isa = PBXFileReference; lastKnownFileType = sourcecode.swift; path = CoursesListTableViewCell.swift; sourceTree = "<group>"; };
		E15923F227AAACC1003AEFFA /* CoursesListTableViewCell.xib */ = {isa = PBXFileReference; lastKnownFileType = file.xib; path = CoursesListTableViewCell.xib; sourceTree = "<group>"; };
		E17B336F27A2F1E4000EA493 /* AddCourseTableViewController.swift */ = {isa = PBXFileReference; lastKnownFileType = sourcecode.swift; path = AddCourseTableViewController.swift; sourceTree = "<group>"; };
		E1B69D1527AD52D200E8D7E6 /* UtilityFunctions.swift */ = {isa = PBXFileReference; lastKnownFileType = sourcecode.swift; path = UtilityFunctions.swift; sourceTree = "<group>"; };
		E1C3115927AC250100C24EF9 /* CourseDetailTableViewController.swift */ = {isa = PBXFileReference; lastKnownFileType = sourcecode.swift; name = CourseDetailTableViewController.swift; path = "FooDisc/View Controllers/CourseDetailTableViewController.swift"; sourceTree = SOURCE_ROOT; };
		E1C3115B27AC361600C24EF9 /* Layout.swift */ = {isa = PBXFileReference; lastKnownFileType = sourcecode.swift; path = Layout.swift; sourceTree = "<group>"; };
		E1C3115D27AC419C00C24EF9 /* LayoutTableViewCell.swift */ = {isa = PBXFileReference; lastKnownFileType = sourcecode.swift; path = LayoutTableViewCell.swift; sourceTree = "<group>"; };
		E1C3115E27AC419C00C24EF9 /* LayoutTableViewCell.xib */ = {isa = PBXFileReference; lastKnownFileType = file.xib; path = LayoutTableViewCell.xib; sourceTree = "<group>"; };
		E1DE24AA27AEF9FF00E2AB0A /* ScorecardViewController.swift */ = {isa = PBXFileReference; lastKnownFileType = sourcecode.swift; name = ScorecardViewController.swift; path = "FooDisc/View Controllers/ScorecardViewController.swift"; sourceTree = SOURCE_ROOT; };
		E1DE24AC27AF241600E2AB0A /* Scorecard.swift */ = {isa = PBXFileReference; lastKnownFileType = sourcecode.swift; path = Scorecard.swift; sourceTree = "<group>"; };
		E1DE24B027AFFF3700E2AB0A /* ScorecardsTableViewController.swift */ = {isa = PBXFileReference; lastKnownFileType = sourcecode.swift; name = ScorecardsTableViewController.swift; path = "FooDisc/View Controllers/ScorecardsTableViewController.swift"; sourceTree = SOURCE_ROOT; };
		E1DE24BD27B0679600E2AB0A /* ScorecardsTableViewCell.swift */ = {isa = PBXFileReference; lastKnownFileType = sourcecode.swift; path = ScorecardsTableViewCell.swift; sourceTree = "<group>"; };
		E1DE24BE27B0679600E2AB0A /* ScorecardsTableViewCell.xib */ = {isa = PBXFileReference; lastKnownFileType = file.xib; path = ScorecardsTableViewCell.xib; sourceTree = "<group>"; };
		E1E8CC7B27A1B60C001E8212 /* CoursesMapViewController.swift */ = {isa = PBXFileReference; lastKnownFileType = sourcecode.swift; path = CoursesMapViewController.swift; sourceTree = "<group>"; };
		E1E8CC7D27A1B75D001E8212 /* CoursesListTableViewController.swift */ = {isa = PBXFileReference; lastKnownFileType = sourcecode.swift; path = CoursesListTableViewController.swift; sourceTree = "<group>"; };
		E1F0532227DD7B4D003E0043 /* Disc.swift */ = {isa = PBXFileReference; fileEncoding = 4; lastKnownFileType = sourcecode.swift; name = Disc.swift; path = FooDisc/Models/Disc.swift; sourceTree = SOURCE_ROOT; };
		E1F0532427DD7B60003E0043 /* DiscDetailTableViewController.swift */ = {isa = PBXFileReference; fileEncoding = 4; lastKnownFileType = sourcecode.swift; name = DiscDetailTableViewController.swift; path = "FooDisc/View Controllers/DiscDetailTableViewController.swift"; sourceTree = SOURCE_ROOT; };
		E1F0532527DD7B60003E0043 /* DiscTableViewController.swift */ = {isa = PBXFileReference; fileEncoding = 4; lastKnownFileType = sourcecode.swift; name = DiscTableViewController.swift; path = "FooDisc/View Controllers/DiscTableViewController.swift"; sourceTree = SOURCE_ROOT; };
		E1F0532827DD7B70003E0043 /* DiscTableViewCell.swift */ = {isa = PBXFileReference; fileEncoding = 4; lastKnownFileType = sourcecode.swift; path = DiscTableViewCell.swift; sourceTree = "<group>"; };
		E1FF8EF527A42D9000C0E810 /* DisabledCursorTextField.swift */ = {isa = PBXFileReference; lastKnownFileType = sourcecode.swift; name = DisabledCursorTextField.swift; path = FooDisc/Utility/DisabledCursorTextField.swift; sourceTree = SOURCE_ROOT; };
/* End PBXFileReference section */

/* Begin PBXFrameworksBuildPhase section */
		E1546FC0279F453C00A00FC4 /* Frameworks */ = {
			isa = PBXFrameworksBuildPhase;
			buildActionMask = 2147483647;
			files = (
			);
			runOnlyForDeploymentPostprocessing = 0;
		};
/* End PBXFrameworksBuildPhase section */

/* Begin PBXGroup section */
		E150459527A0EBE5008EC69B /* View Controllers */ = {
			isa = PBXGroup;
			children = (
				E1DE24B027AFFF3700E2AB0A /* ScorecardsTableViewController.swift */,
				E1546FCA279F453C00A00FC4 /* CoursesViewController.swift */,
				E1E8CC7B27A1B60C001E8212 /* CoursesMapViewController.swift */,
				E1E8CC7D27A1B75D001E8212 /* CoursesListTableViewController.swift */,
				E17B336F27A2F1E4000EA493 /* AddCourseTableViewController.swift */,
				E1C3115927AC250100C24EF9 /* CourseDetailTableViewController.swift */,
				E1DE24AA27AEF9FF00E2AB0A /* ScorecardViewController.swift */,
				E1F0532427DD7B60003E0043 /* DiscDetailTableViewController.swift */,
				E1F0532527DD7B60003E0043 /* DiscTableViewController.swift */,
			);
			path = "View Controllers";
			sourceTree = "<group>";
		};
		E150459627A0EC08008EC69B /* Models */ = {
			isa = PBXGroup;
			children = (
				E150459127A0E487008EC69B /* Course.swift */,
				E1C3115B27AC361600C24EF9 /* Layout.swift */,
				E1DE24AC27AF241600E2AB0A /* Scorecard.swift */,
				E1F0532227DD7B4D003E0043 /* Disc.swift */,
			);
			path = Models;
			sourceTree = "<group>";
		};
		E150459727A0EC20008EC69B /* Utility */ = {
			isa = PBXGroup;
			children = (
				E1FF8EF527A42D9000C0E810 /* DisabledCursorTextField.swift */,
				E1B69D1527AD52D200E8D7E6 /* UtilityFunctions.swift */,
				E1546FC6279F453C00A00FC4 /* AppDelegate.swift */,
				E1546FC8279F453C00A00FC4 /* SceneDelegate.swift */,
			);
			path = Utility;
			sourceTree = "<group>";
		};
		E1546FBA279F453C00A00FC4 = {
			isa = PBXGroup;
			children = (
				E1546FC5279F453C00A00FC4 /* FooDisc */,
				E1546FC4279F453C00A00FC4 /* Products */,
			);
			sourceTree = "<group>";
		};
		E1546FC4279F453C00A00FC4 /* Products */ = {
			isa = PBXGroup;
			children = (
				E1546FC3279F453C00A00FC4 /* FooDisc.app */,
			);
			name = Products;
			sourceTree = "<group>";
		};
		E1546FC5279F453C00A00FC4 /* FooDisc */ = {
			isa = PBXGroup;
			children = (
				E1E8CC8127A1B775001E8212 /* Views */,
				E150459527A0EBE5008EC69B /* View Controllers */,
				E150459627A0EC08008EC69B /* Models */,
				E150459727A0EC20008EC69B /* Utility */,
				E1546FD2279F454000A00FC4 /* Assets.xcassets */,
				E1546FD7279F454000A00FC4 /* Info.plist */,
				E1546FCF279F453C00A00FC4 /* FooDisc.xcdatamodeld */,
			);
			path = FooDisc;
			sourceTree = "<group>";
		};
		E1DE24B427AFFF4C00E2AB0A /* Xib */ = {
			isa = PBXGroup;
			children = (
				E15923ED27A9915D003AEFFA /* CourseCalloutView.xib */,
				E15923F227AAACC1003AEFFA /* CoursesListTableViewCell.xib */,
				E1DE24BE27B0679600E2AB0A /* ScorecardsTableViewCell.xib */,
				E1C3115E27AC419C00C24EF9 /* LayoutTableViewCell.xib */,
			);
			path = Xib;
			sourceTree = "<group>";
		};
		E1E8CC8127A1B775001E8212 /* Views */ = {
			isa = PBXGroup;
			children = (
				E1DE24B427AFFF4C00E2AB0A /* Xib */,
				E1546FCC279F453C00A00FC4 /* Main.storyboard */,
				E1546FD4279F454000A00FC4 /* LaunchScreen.storyboard */,
				E1DE24BD27B0679600E2AB0A /* ScorecardsTableViewCell.swift */,
				E15923E927A8A922003AEFFA /* CourseView.swift */,
				E15923EF27A9938A003AEFFA /* CourseCalloutView.swift */,
				E15923F127AAACC1003AEFFA /* CoursesListTableViewCell.swift */,
				E1C3115D27AC419C00C24EF9 /* LayoutTableViewCell.swift */,
				E1F0532827DD7B70003E0043 /* DiscTableViewCell.swift */,
			);
			path = Views;
			sourceTree = "<group>";
		};
/* End PBXGroup section */

/* Begin PBXNativeTarget section */
		E1546FC2279F453C00A00FC4 /* FooDisc */ = {
			isa = PBXNativeTarget;
			buildConfigurationList = E1546FDA279F454000A00FC4 /* Build configuration list for PBXNativeTarget "FooDisc" */;
			buildPhases = (
				E1546FBF279F453C00A00FC4 /* Sources */,
				E1546FC0279F453C00A00FC4 /* Frameworks */,
				E1546FC1279F453C00A00FC4 /* Resources */,
			);
			buildRules = (
			);
			dependencies = (
			);
			name = FooDisc;
			productName = FooDisc;
			productReference = E1546FC3279F453C00A00FC4 /* FooDisc.app */;
			productType = "com.apple.product-type.application";
		};
/* End PBXNativeTarget section */

/* Begin PBXProject section */
		E1546FBB279F453C00A00FC4 /* Project object */ = {
			isa = PBXProject;
			attributes = {
				BuildIndependentTargetsInParallel = 1;
				LastSwiftUpdateCheck = 1320;
				LastUpgradeCheck = 1320;
				TargetAttributes = {
					E1546FC2279F453C00A00FC4 = {
						CreatedOnToolsVersion = 13.2.1;
					};
				};
			};
			buildConfigurationList = E1546FBE279F453C00A00FC4 /* Build configuration list for PBXProject "FooDisc" */;
			compatibilityVersion = "Xcode 13.0";
			developmentRegion = en;
			hasScannedForEncodings = 0;
			knownRegions = (
				en,
				Base,
			);
			mainGroup = E1546FBA279F453C00A00FC4;
			productRefGroup = E1546FC4279F453C00A00FC4 /* Products */;
			projectDirPath = "";
			projectRoot = "";
			targets = (
				E1546FC2279F453C00A00FC4 /* FooDisc */,
			);
		};
/* End PBXProject section */

/* Begin PBXResourcesBuildPhase section */
		E1546FC1279F453C00A00FC4 /* Resources */ = {
			isa = PBXResourcesBuildPhase;
			buildActionMask = 2147483647;
			files = (
				E15923EE27A9915D003AEFFA /* CourseCalloutView.xib in Resources */,
				E1C3116027AC419C00C24EF9 /* LayoutTableViewCell.xib in Resources */,
				E1546FD6279F454000A00FC4 /* LaunchScreen.storyboard in Resources */,
				E15923F427AAACC1003AEFFA /* CoursesListTableViewCell.xib in Resources */,
				E1546FD3279F454000A00FC4 /* Assets.xcassets in Resources */,
				E1DE24C027B0679600E2AB0A /* ScorecardsTableViewCell.xib in Resources */,
				E1546FCE279F453C00A00FC4 /* Main.storyboard in Resources */,
			);
			runOnlyForDeploymentPostprocessing = 0;
		};
/* End PBXResourcesBuildPhase section */

/* Begin PBXSourcesBuildPhase section */
		E1546FBF279F453C00A00FC4 /* Sources */ = {
			isa = PBXSourcesBuildPhase;
			buildActionMask = 2147483647;
			files = (
				E1DE24AD27AF241600E2AB0A /* Scorecard.swift in Sources */,
				E1F0532627DD7B60003E0043 /* DiscDetailTableViewController.swift in Sources */,
				E15923F327AAACC1003AEFFA /* CoursesListTableViewCell.swift in Sources */,
				E1546FCB279F453C00A00FC4 /* CoursesViewController.swift in Sources */,
				E1F0532327DD7B4D003E0043 /* Disc.swift in Sources */,
				E1E8CC7F27A1B75D001E8212 /* CoursesListTableViewController.swift in Sources */,
				E1546FC7279F453C00A00FC4 /* AppDelegate.swift in Sources */,
				E1C3115A27AC250100C24EF9 /* CourseDetailTableViewController.swift in Sources */,
				E1F0532927DD7B70003E0043 /* DiscTableViewCell.swift in Sources */,
				E1C3115F27AC419C00C24EF9 /* LayoutTableViewCell.swift in Sources */,
				E1E8CC7C27A1B60C001E8212 /* CoursesMapViewController.swift in Sources */,
				E1FF8EF627A42D9000C0E810 /* DisabledCursorTextField.swift in Sources */,
				E1F0532727DD7B60003E0043 /* DiscTableViewController.swift in Sources */,
				E150459227A0E487008EC69B /* Course.swift in Sources */,
				E1546FC9279F453C00A00FC4 /* SceneDelegate.swift in Sources */,
				E1DE24B227AFFF3700E2AB0A /* ScorecardsTableViewController.swift in Sources */,
				E1DE24AB27AEF9FF00E2AB0A /* ScorecardViewController.swift in Sources */,
				E15923EA27A8A922003AEFFA /* CourseView.swift in Sources */,
				E1546FD1279F453C00A00FC4 /* FooDisc.xcdatamodeld in Sources */,
				E1C3115C27AC361600C24EF9 /* Layout.swift in Sources */,
				E1DE24BF27B0679600E2AB0A /* ScorecardsTableViewCell.swift in Sources */,
				E17B337027A2F1E4000EA493 /* AddCourseTableViewController.swift in Sources */,
				E1B69D1627AD52D200E8D7E6 /* UtilityFunctions.swift in Sources */,
				E15923F027A9938A003AEFFA /* CourseCalloutView.swift in Sources */,
			);
			runOnlyForDeploymentPostprocessing = 0;
		};
/* End PBXSourcesBuildPhase section */

/* Begin PBXVariantGroup section */
		E1546FCC279F453C00A00FC4 /* Main.storyboard */ = {
			isa = PBXVariantGroup;
			children = (
				E1546FCD279F453C00A00FC4 /* Base */,
			);
			name = Main.storyboard;
			sourceTree = "<group>";
		};
		E1546FD4279F454000A00FC4 /* LaunchScreen.storyboard */ = {
			isa = PBXVariantGroup;
			children = (
				E1546FD5279F454000A00FC4 /* Base */,
			);
			name = LaunchScreen.storyboard;
			sourceTree = "<group>";
		};
/* End PBXVariantGroup section */

/* Begin XCBuildConfiguration section */
		E1546FD8279F454000A00FC4 /* Debug */ = {
			isa = XCBuildConfiguration;
			buildSettings = {
				ALWAYS_SEARCH_USER_PATHS = NO;
				CLANG_ANALYZER_NONNULL = YES;
				CLANG_ANALYZER_NUMBER_OBJECT_CONVERSION = YES_AGGRESSIVE;
				CLANG_CXX_LANGUAGE_STANDARD = "gnu++17";
				CLANG_CXX_LIBRARY = "libc++";
				CLANG_ENABLE_MODULES = YES;
				CLANG_ENABLE_OBJC_ARC = YES;
				CLANG_ENABLE_OBJC_WEAK = YES;
				CLANG_WARN_BLOCK_CAPTURE_AUTORELEASING = YES;
				CLANG_WARN_BOOL_CONVERSION = YES;
				CLANG_WARN_COMMA = YES;
				CLANG_WARN_CONSTANT_CONVERSION = YES;
				CLANG_WARN_DEPRECATED_OBJC_IMPLEMENTATIONS = YES;
				CLANG_WARN_DIRECT_OBJC_ISA_USAGE = YES_ERROR;
				CLANG_WARN_DOCUMENTATION_COMMENTS = YES;
				CLANG_WARN_EMPTY_BODY = YES;
				CLANG_WARN_ENUM_CONVERSION = YES;
				CLANG_WARN_INFINITE_RECURSION = YES;
				CLANG_WARN_INT_CONVERSION = YES;
				CLANG_WARN_NON_LITERAL_NULL_CONVERSION = YES;
				CLANG_WARN_OBJC_IMPLICIT_RETAIN_SELF = YES;
				CLANG_WARN_OBJC_LITERAL_CONVERSION = YES;
				CLANG_WARN_OBJC_ROOT_CLASS = YES_ERROR;
				CLANG_WARN_QUOTED_INCLUDE_IN_FRAMEWORK_HEADER = YES;
				CLANG_WARN_RANGE_LOOP_ANALYSIS = YES;
				CLANG_WARN_STRICT_PROTOTYPES = YES;
				CLANG_WARN_SUSPICIOUS_MOVE = YES;
				CLANG_WARN_UNGUARDED_AVAILABILITY = YES_AGGRESSIVE;
				CLANG_WARN_UNREACHABLE_CODE = YES;
				CLANG_WARN__DUPLICATE_METHOD_MATCH = YES;
				COPY_PHASE_STRIP = NO;
				DEBUG_INFORMATION_FORMAT = dwarf;
				ENABLE_STRICT_OBJC_MSGSEND = YES;
				ENABLE_TESTABILITY = YES;
				GCC_C_LANGUAGE_STANDARD = gnu11;
				GCC_DYNAMIC_NO_PIC = NO;
				GCC_NO_COMMON_BLOCKS = YES;
				GCC_OPTIMIZATION_LEVEL = 0;
				GCC_PREPROCESSOR_DEFINITIONS = (
					"DEBUG=1",
					"$(inherited)",
				);
				GCC_WARN_64_TO_32_BIT_CONVERSION = YES;
				GCC_WARN_ABOUT_RETURN_TYPE = YES_ERROR;
				GCC_WARN_UNDECLARED_SELECTOR = YES;
				GCC_WARN_UNINITIALIZED_AUTOS = YES_AGGRESSIVE;
				GCC_WARN_UNUSED_FUNCTION = YES;
				GCC_WARN_UNUSED_VARIABLE = YES;
				IPHONEOS_DEPLOYMENT_TARGET = 14.0;
				MTL_ENABLE_DEBUG_INFO = INCLUDE_SOURCE;
				MTL_FAST_MATH = YES;
				ONLY_ACTIVE_ARCH = YES;
				SDKROOT = iphoneos;
				SWIFT_ACTIVE_COMPILATION_CONDITIONS = DEBUG;
				SWIFT_OPTIMIZATION_LEVEL = "-Onone";
			};
			name = Debug;
		};
		E1546FD9279F454000A00FC4 /* Release */ = {
			isa = XCBuildConfiguration;
			buildSettings = {
				ALWAYS_SEARCH_USER_PATHS = NO;
				CLANG_ANALYZER_NONNULL = YES;
				CLANG_ANALYZER_NUMBER_OBJECT_CONVERSION = YES_AGGRESSIVE;
				CLANG_CXX_LANGUAGE_STANDARD = "gnu++17";
				CLANG_CXX_LIBRARY = "libc++";
				CLANG_ENABLE_MODULES = YES;
				CLANG_ENABLE_OBJC_ARC = YES;
				CLANG_ENABLE_OBJC_WEAK = YES;
				CLANG_WARN_BLOCK_CAPTURE_AUTORELEASING = YES;
				CLANG_WARN_BOOL_CONVERSION = YES;
				CLANG_WARN_COMMA = YES;
				CLANG_WARN_CONSTANT_CONVERSION = YES;
				CLANG_WARN_DEPRECATED_OBJC_IMPLEMENTATIONS = YES;
				CLANG_WARN_DIRECT_OBJC_ISA_USAGE = YES_ERROR;
				CLANG_WARN_DOCUMENTATION_COMMENTS = YES;
				CLANG_WARN_EMPTY_BODY = YES;
				CLANG_WARN_ENUM_CONVERSION = YES;
				CLANG_WARN_INFINITE_RECURSION = YES;
				CLANG_WARN_INT_CONVERSION = YES;
				CLANG_WARN_NON_LITERAL_NULL_CONVERSION = YES;
				CLANG_WARN_OBJC_IMPLICIT_RETAIN_SELF = YES;
				CLANG_WARN_OBJC_LITERAL_CONVERSION = YES;
				CLANG_WARN_OBJC_ROOT_CLASS = YES_ERROR;
				CLANG_WARN_QUOTED_INCLUDE_IN_FRAMEWORK_HEADER = YES;
				CLANG_WARN_RANGE_LOOP_ANALYSIS = YES;
				CLANG_WARN_STRICT_PROTOTYPES = YES;
				CLANG_WARN_SUSPICIOUS_MOVE = YES;
				CLANG_WARN_UNGUARDED_AVAILABILITY = YES_AGGRESSIVE;
				CLANG_WARN_UNREACHABLE_CODE = YES;
				CLANG_WARN__DUPLICATE_METHOD_MATCH = YES;
				COPY_PHASE_STRIP = NO;
				DEBUG_INFORMATION_FORMAT = "dwarf-with-dsym";
				ENABLE_NS_ASSERTIONS = NO;
				ENABLE_STRICT_OBJC_MSGSEND = YES;
				GCC_C_LANGUAGE_STANDARD = gnu11;
				GCC_NO_COMMON_BLOCKS = YES;
				GCC_WARN_64_TO_32_BIT_CONVERSION = YES;
				GCC_WARN_ABOUT_RETURN_TYPE = YES_ERROR;
				GCC_WARN_UNDECLARED_SELECTOR = YES;
				GCC_WARN_UNINITIALIZED_AUTOS = YES_AGGRESSIVE;
				GCC_WARN_UNUSED_FUNCTION = YES;
				GCC_WARN_UNUSED_VARIABLE = YES;
				IPHONEOS_DEPLOYMENT_TARGET = 14.0;
				MTL_ENABLE_DEBUG_INFO = NO;
				MTL_FAST_MATH = YES;
				SDKROOT = iphoneos;
				SWIFT_COMPILATION_MODE = wholemodule;
				SWIFT_OPTIMIZATION_LEVEL = "-O";
				VALIDATE_PRODUCT = YES;
			};
			name = Release;
		};
		E1546FDB279F454000A00FC4 /* Debug */ = {
			isa = XCBuildConfiguration;
			buildSettings = {
				ASSETCATALOG_COMPILER_APPICON_NAME = AppIcon;
				ASSETCATALOG_COMPILER_GLOBAL_ACCENT_COLOR_NAME = AccentColor;
				CODE_SIGN_STYLE = Automatic;
				CURRENT_PROJECT_VERSION = 1;
				DEVELOPMENT_TEAM = XUYSV472G3;
				GENERATE_INFOPLIST_FILE = YES;
				INFOPLIST_FILE = FooDisc/Info.plist;
				INFOPLIST_KEY_NSLocationWhenInUseUsageDescription = "FooDisc uses your location for several useful features (show you courses in your area, measure throws, etc.)";
				INFOPLIST_KEY_UIApplicationSupportsIndirectInputEvents = YES;
				INFOPLIST_KEY_UILaunchStoryboardName = LaunchScreen;
				INFOPLIST_KEY_UIMainStoryboardFile = Main;
				INFOPLIST_KEY_UISupportedInterfaceOrientations = UIInterfaceOrientationPortrait;
				INFOPLIST_KEY_UISupportedInterfaceOrientations_iPad = "UIInterfaceOrientationPortrait UIInterfaceOrientationPortraitUpsideDown UIInterfaceOrientationLandscapeLeft UIInterfaceOrientationLandscapeRight";
				INFOPLIST_KEY_UISupportedInterfaceOrientations_iPhone = "UIInterfaceOrientationPortrait UIInterfaceOrientationLandscapeLeft UIInterfaceOrientationLandscapeRight";
				INFOPLIST_KEY_UIUserInterfaceStyle = Light;
				LD_RUNPATH_SEARCH_PATHS = (
					"$(inherited)",
					"@executable_path/Frameworks",
				);
				MARKETING_VERSION = 1.0;
				PRODUCT_BUNDLE_IDENTIFIER = com.brianaguirre.FooDisc;
				PRODUCT_NAME = "$(TARGET_NAME)";
				SWIFT_EMIT_LOC_STRINGS = YES;
				SWIFT_VERSION = 5.0;
				TARGETED_DEVICE_FAMILY = 1;
			};
			name = Debug;
		};
		E1546FDC279F454000A00FC4 /* Release */ = {
			isa = XCBuildConfiguration;
			buildSettings = {
				ASSETCATALOG_COMPILER_APPICON_NAME = AppIcon;
				ASSETCATALOG_COMPILER_GLOBAL_ACCENT_COLOR_NAME = AccentColor;
				CODE_SIGN_STYLE = Automatic;
				CURRENT_PROJECT_VERSION = 1;
				DEVELOPMENT_TEAM = XUYSV472G3;
				GENERATE_INFOPLIST_FILE = YES;
				INFOPLIST_FILE = FooDisc/Info.plist;
				INFOPLIST_KEY_NSLocationWhenInUseUsageDescription = "FooDisc uses your location for several useful features (show you courses in your area, measure throws, etc.)";
				INFOPLIST_KEY_UIApplicationSupportsIndirectInputEvents = YES;
				INFOPLIST_KEY_UILaunchStoryboardName = LaunchScreen;
				INFOPLIST_KEY_UIMainStoryboardFile = Main;
				INFOPLIST_KEY_UISupportedInterfaceOrientations = UIInterfaceOrientationPortrait;
				INFOPLIST_KEY_UISupportedInterfaceOrientations_iPad = "UIInterfaceOrientationPortrait UIInterfaceOrientationPortraitUpsideDown UIInterfaceOrientationLandscapeLeft UIInterfaceOrientationLandscapeRight";
				INFOPLIST_KEY_UISupportedInterfaceOrientations_iPhone = "UIInterfaceOrientationPortrait UIInterfaceOrientationLandscapeLeft UIInterfaceOrientationLandscapeRight";
				INFOPLIST_KEY_UIUserInterfaceStyle = Light;
				LD_RUNPATH_SEARCH_PATHS = (
					"$(inherited)",
					"@executable_path/Frameworks",
				);
				MARKETING_VERSION = 1.0;
				PRODUCT_BUNDLE_IDENTIFIER = com.brianaguirre.FooDisc;
				PRODUCT_NAME = "$(TARGET_NAME)";
				SWIFT_EMIT_LOC_STRINGS = YES;
				SWIFT_VERSION = 5.0;
				TARGETED_DEVICE_FAMILY = 1;
			};
			name = Release;
		};
/* End XCBuildConfiguration section */

/* Begin XCConfigurationList section */
		E1546FBE279F453C00A00FC4 /* Build configuration list for PBXProject "FooDisc" */ = {
			isa = XCConfigurationList;
			buildConfigurations = (
				E1546FD8279F454000A00FC4 /* Debug */,
				E1546FD9279F454000A00FC4 /* Release */,
			);
			defaultConfigurationIsVisible = 0;
			defaultConfigurationName = Release;
		};
		E1546FDA279F454000A00FC4 /* Build configuration list for PBXNativeTarget "FooDisc" */ = {
			isa = XCConfigurationList;
			buildConfigurations = (
				E1546FDB279F454000A00FC4 /* Debug */,
				E1546FDC279F454000A00FC4 /* Release */,
			);
			defaultConfigurationIsVisible = 0;
			defaultConfigurationName = Release;
		};
/* End XCConfigurationList section */

/* Begin XCVersionGroup section */
		E1546FCF279F453C00A00FC4 /* FooDisc.xcdatamodeld */ = {
			isa = XCVersionGroup;
			children = (
				E1546FD0279F453C00A00FC4 /* FooDisc.xcdatamodel */,
			);
			currentVersion = E1546FD0279F453C00A00FC4 /* FooDisc.xcdatamodel */;
			path = FooDisc.xcdatamodeld;
			sourceTree = "<group>";
			versionGroupType = wrapper.xcdatamodel;
		};
/* End XCVersionGroup section */
	};
	rootObject = E1546FBB279F453C00A00FC4 /* Project object */;
}
